PODS:
  - Flutter (1.0.0)
  - integration_test (0.0.1):
    - Flutter
  - rive_native (0.0.1):
    - Flutter

DEPENDENCIES:
  - Flutter (from `Flutter`)
  - integration_test (from `.symlinks/plugins/integration_test/ios`)
  - rive_native (from `.symlinks/plugins/rive_native/ios`)

EXTERNAL SOURCES:
  Flutter:
    :path: Flutter
  integration_test:
    :path: ".symlinks/plugins/integration_test/ios"
  rive_native:
    :path: ".symlinks/plugins/rive_native/ios"

SPEC CHECKSUMS:
  Flutter: 71a624a5bc0c04062bf19101d501e466baf2fb47
  integration_test: 4a889634ef21a45d28d50d622cf412dc6d9f586e
  rive_native: c8fbe631855835dc84f7d59befcdb43de3ac48d4

PODFILE CHECKSUM: ce2a4dd764e1c7aeed6a7cdc5e61d092b6dc6d32

COCOAPODS: 1.17.0
