# @generated - this file is auto-generated by `mise lock` https://mise.en.dev/dev-tools/mise-lock.html

[conda-packages.linux-arm64."_openmp_mutex-4.5-20_gnu"]
url = "https://conda.anaconda.org/conda-forge/linux-aarch64/_openmp_mutex-4.5-20_gnu.conda"
checksum = "sha256:a2527b1d81792a0ccd2c05850960df119c2b6d8f5fdec97f2db7d25dc23b1068"

[conda-packages.linux-arm64."libgcc-16.2.0-h205dda4_4"]
url = "https://conda.anaconda.org/conda-forge/linux-aarch64/libgcc-16.2.0-h205dda4_4.conda"
checksum = "sha256:a132d78d49d0fa0a08e9e2a77528a12d974e8e123bc32895c0bd0a737b8abd89"

[conda-packages.linux-arm64."libgomp-16.2.0-h8acb6b2_4"]
url = "https://conda.anaconda.org/conda-forge/linux-aarch64/libgomp-16.2.0-h8acb6b2_4.conda"
checksum = "sha256:6d216e6dc9a158b920f6e0c1dfdd6d77575bf79420dadf85d64576298ecb4503"

[conda-packages.linux-arm64-musl."_openmp_mutex-4.5-20_gnu"]
url = "https://conda.anaconda.org/conda-forge/linux-aarch64/_openmp_mutex-4.5-20_gnu.conda"
checksum = "sha256:a2527b1d81792a0ccd2c05850960df119c2b6d8f5fdec97f2db7d25dc23b1068"

[conda-packages.linux-arm64-musl."libgcc-16.2.0-h205dda4_4"]
url = "https://conda.anaconda.org/conda-forge/linux-aarch64/libgcc-16.2.0-h205dda4_4.conda"
checksum = "sha256:a132d78d49d0fa0a08e9e2a77528a12d974e8e123bc32895c0bd0a737b8abd89"

[conda-packages.linux-arm64-musl."libgomp-16.2.0-h8acb6b2_4"]
url = "https://conda.anaconda.org/conda-forge/linux-aarch64/libgomp-16.2.0-h8acb6b2_4.conda"
checksum = "sha256:6d216e6dc9a158b920f6e0c1dfdd6d77575bf79420dadf85d64576298ecb4503"

[conda-packages.windows-x64."_openmp_mutex-4.5-20_gnu"]
url = "https://conda.anaconda.org/conda-forge/win-64/_openmp_mutex-4.5-20_gnu.conda"
checksum = "sha256:8a1cee28bd0ee7451ada1cd50b64720e57e17ff994fc62dd8329bef570d382e4"

[conda-packages.windows-x64."libgcc-16.2.0-h110b43a_4"]
url = "https://conda.anaconda.org/conda-forge/win-64/libgcc-16.2.0-h110b43a_4.conda"
checksum = "sha256:32c0d1adcc96835d5f681c7e72b7f5e2e30088149239e002b8a6f581a072e1d2"

[conda-packages.windows-x64."libgomp-16.2.0-h8ee18e1_4"]
url = "https://conda.anaconda.org/conda-forge/win-64/libgomp-16.2.0-h8ee18e1_4.conda"
checksum = "sha256:9ef1a22fb50b31fbf9c01cf709e8f55b60fd3c02401d150be4a55943f9e3832f"

[conda-packages.windows-x64."libwinpthread-12.0.0.r4.gg4f2fc60ca-h57928b3_10"]
url = "https://conda.anaconda.org/conda-forge/win-64/libwinpthread-12.0.0.r4.gg4f2fc60ca-h57928b3_10.conda"
checksum = "sha256:0fccf2d17026255b6e10ace1f191d0a2a18f2d65088fd02430be17c701f8ffe0"

[conda-packages.windows-x64."ucrt-10.0.26100.0-h57928b3_0"]
url = "https://conda.anaconda.org/conda-forge/win-64/ucrt-10.0.26100.0-h57928b3_0.conda"
checksum = "sha256:3005729dce6f3d3f5ec91dfc49fc75a0095f9cd23bab49efb899657297ac91a5"

[[tools.cocoapods]]
version = "1.17.0"
backend = "gem:cocoapods"

[[tools.flutter]]
version = "3.47.2"
backend = "http:flutter"

[[tools.java]]
version = "temurin-17.0.19+10"
backend = "core:java"

[tools.java."platforms.linux-arm64"]
checksum = "sha256:83a52172678ec8975164648654869cb2e71d7c748b47aca94b29bbfa10c18e81"
url = "https://github.com/adoptium/temurin17-binaries/releases/download/jdk-17.0.19%2B10/OpenJDK17U-jdk_aarch64_linux_hotspot_17.0.19_10.tar.gz"

[tools.java."platforms.linux-x64"]
checksum = "sha256:d8afc263758141a66e0e3aafc321e783f7016696f4eaea067d340a269037d331"
url = "https://github.com/adoptium/temurin17-binaries/releases/download/jdk-17.0.19%2B10/OpenJDK17U-jdk_x64_linux_hotspot_17.0.19_10.tar.gz"

[tools.java."platforms.linux-x64-musl"]
checksum = "sha256:960b4090b75a887bb21a915a294bee3a97cd11876967c95e5bd29d9ec4812e17"
url = "https://github.com/adoptium/temurin17-binaries/releases/download/jdk-17.0.19%2B10/OpenJDK17U-jdk_x64_alpine-linux_hotspot_17.0.19_10.tar.gz"

[tools.java."platforms.macos-arm64"]
checksum = "sha256:8fa1eff40bb637a33613b2ccb8b12c70dc3661cc22cf8e784943715769a05336"
url = "https://github.com/adoptium/temurin17-binaries/releases/download/jdk-17.0.19%2B10/OpenJDK17U-jdk_aarch64_mac_hotspot_17.0.19_10.tar.gz"

[tools.java."platforms.macos-x64"]
checksum = "sha256:03632d1fbf139ab3719a9f4b47dc206251449b87557143c822336dbf8c06560f"
url = "https://github.com/adoptium/temurin17-binaries/releases/download/jdk-17.0.19%2B10/OpenJDK17U-jdk_x64_mac_hotspot_17.0.19_10.tar.gz"

[tools.java."platforms.windows-x64"]
checksum = "sha256:b5b235c48adf6a081874b812c630b9f4b5f637b7a5ed18b9174d08a41ec4c235"
url = "https://github.com/adoptium/temurin17-binaries/releases/download/jdk-17.0.19%2B10/OpenJDK17U-jdk_x64_windows_hotspot_17.0.19_10.zip"

[[tools.make]]
version = "4.4.1"
backend = "conda:make"

[tools.make.options]
channel = "conda-forge"

[tools.make."platforms.linux-arm64"]
checksum = "sha256:b008fb8ba5c93478dacf36d60eed1b2de341d69773c3f73621d2a9e56f834d9d"
url = "https://conda.anaconda.org/conda-forge/linux-aarch64/make-4.4.1-he30d5cf_3.conda"
conda_deps = [
    "libgcc-16.2.0-h205dda4_4",
    "_openmp_mutex-4.5-20_gnu",
    "libgomp-16.2.0-h8acb6b2_4",
]

[tools.make."platforms.linux-arm64-musl"]
checksum = "sha256:b008fb8ba5c93478dacf36d60eed1b2de341d69773c3f73621d2a9e56f834d9d"
url = "https://conda.anaconda.org/conda-forge/linux-aarch64/make-4.4.1-he30d5cf_3.conda"
conda_deps = [
    "libgcc-16.2.0-h205dda4_4",
    "_openmp_mutex-4.5-20_gnu",
    "libgomp-16.2.0-h8acb6b2_4",
]

[tools.make."platforms.macos-arm64"]
checksum = "sha256:36c769a71cfd0222de8114a6016f1def3d0411a6202aa811bca50e581450f71f"
url = "https://conda.anaconda.org/conda-forge/osx-arm64/make-4.4.1-h84a0fba_3.conda"
conda_deps = []

[tools.make."platforms.macos-x64"]
checksum = "sha256:2665f49ec3ea9c3097fc2f09a778d68428ced9a07586701801bddcdec3b28622"
url = "https://conda.anaconda.org/conda-forge/osx-64/make-4.4.1-ha1e9b39_3.conda"
conda_deps = []

[tools.make."platforms.windows-x64"]
checksum = "sha256:8b1a30f3e6442ed4c161e7aabab396ce35c61a3c235ece53edf2a78c95d18fed"
url = "https://conda.anaconda.org/conda-forge/win-64/make-4.4.1-hba3369d_3.conda"
conda_deps = [
    "libgcc-16.2.0-h110b43a_4",
    "libwinpthread-12.0.0.r4.gg4f2fc60ca-h57928b3_10",
    "ucrt-10.0.26100.0-h57928b3_0",
    "_openmp_mutex-4.5-20_gnu",
    "libgomp-16.2.0-h8ee18e1_4",
]

[[tools.ruby]]
version = "3.4.10"
backend = "core:ruby"

[tools.ruby.options]
compile = "true"
ruby_build_repo = "https://github.com/rbenv/ruby-build.git"
ruby_install = "false"

[tools.ruby."platforms.linux-arm64"]
checksum = "sha256:ecee2d072a14f2d14347dd56dfd8fe5c3130abf5117bfaacbda0f4ef9cc429ec"
url = "https://cache.ruby-lang.org/pub/ruby/3.4/ruby-3.4.10.tar.gz"

[tools.ruby."platforms.linux-arm64-musl"]
checksum = "sha256:ecee2d072a14f2d14347dd56dfd8fe5c3130abf5117bfaacbda0f4ef9cc429ec"
url = "https://cache.ruby-lang.org/pub/ruby/3.4/ruby-3.4.10.tar.gz"

[tools.ruby."platforms.linux-x64"]
checksum = "sha256:ecee2d072a14f2d14347dd56dfd8fe5c3130abf5117bfaacbda0f4ef9cc429ec"
url = "https://cache.ruby-lang.org/pub/ruby/3.4/ruby-3.4.10.tar.gz"

[tools.ruby."platforms.linux-x64-musl"]
checksum = "sha256:ecee2d072a14f2d14347dd56dfd8fe5c3130abf5117bfaacbda0f4ef9cc429ec"
url = "https://cache.ruby-lang.org/pub/ruby/3.4/ruby-3.4.10.tar.gz"

[tools.ruby."platforms.macos-arm64"]
checksum = "sha256:ecee2d072a14f2d14347dd56dfd8fe5c3130abf5117bfaacbda0f4ef9cc429ec"
url = "https://cache.ruby-lang.org/pub/ruby/3.4/ruby-3.4.10.tar.gz"

[tools.ruby."platforms.macos-x64"]
checksum = "sha256:ecee2d072a14f2d14347dd56dfd8fe5c3130abf5117bfaacbda0f4ef9cc429ec"
url = "https://cache.ruby-lang.org/pub/ruby/3.4/ruby-3.4.10.tar.gz"

[[tools.ruby]]
version = "3.4.10"
backend = "core:ruby"

[tools.ruby."platforms.windows-x64"]
checksum = "sha256:89e3c5e235ac88b9b7e8daaf639eaaab74d7c470667354f6bf0f7432f3191ebb"
url = "https://github.com/oneclick/rubyinstaller2/releases/download/RubyInstaller-3.4.10-1/rubyinstaller-3.4.10-1-x64.7z"
